
Microsoft Visual Studio Solution File, Format Version 12.00
# Visual Studio Version 17
VisualStudioVersion = 17.14.36811.4
MinimumVisualStudioVersion = 10.0.40219.1
Project("{8BC9CEB8-8B4A-11D0-8D11-00A0C91BC942}") = "AUDIO_ENGINE_DynamicLibrary", "AUDIO_ENGINE\Builds\VisualStudio2022\AUDIO_ENGINE_DynamicLibrary.vcxproj", "{6A755CD6-711B-26E5-7668-6CF8A3987D4C}"
EndProject
Project("{FAE04EC0-301F-11D3-BF4B-00C04F79EFBC}") = "OSC_UI", "OSC_UI\OSC_UI.csproj", "{7D800231-C06D-4BA4-A543-F4C91F65961D}"
EndProject
Project("{8BC9CEB8-8B4A-11D0-8D11-00A0C91BC942}") = "AUDIO_PROC_BRIDGE", "AUDIO_PROC_BRIDGE\AUDIO_PROC_BRIDGE.vcxproj", "{6866F04C-0287-8C8E-9627-2CEF42DDFDCC}"
EndProject
Project("{FAE04EC0-301F-11D3-BF4B-00C04F79EFBC}") = "SDLab_InteropWrapper", "SDLab_InteropWrapper\SDLab_InteropWrapper.csproj", "{5F8C5210-8BA6-4794-B201-1288A47A0D23}"
EndProject
Project("{FAE04EC0-301F-11D3-BF4B-00C04F79EFBC}") = "SDLab_GUI", "SDLab_GUI\SDLab_GUI.csproj", "{9B2305BE-A764-4716-A7E9-A765BA4F814E}"
EndProject
Project("{8BC9CEB8-8B4A-11D0-8D11-00A0C91BC942}") = "rubberband-library", "AUDIO_ENGINE\RubberbandLibraryCode\rubberband-4.0.0\dotnet\rubberband-library.vcxproj", "{020CEB11-EF4E-400E-971D-A35DB69D7CF9}"
EndProject
Global
	GlobalSection(SolutionConfigurationPlatforms) = preSolution
		Debug|Any CPU = Debug|Any CPU
		Debug|x64 = Debug|x64
		Release|Any CPU = Release|Any CPU
		Release|x64 = Release|x64
	EndGlobalSection
	GlobalSection(ProjectConfigurationPlatforms) = postSolution
		{6A755CD6-711B-26E5-7668-6CF8A3987D4C}.Debug|Any CPU.ActiveCfg = Debug|x64
		{6A755CD6-711B-26E5-7668-6CF8A3987D4C}.Debug|Any CPU.Build.0 = Debug|x64
		{6A755CD6-711B-26E5-7668-6CF8A3987D4C}.Debug|x64.ActiveCfg = Debug|x64
		{6A755CD6-711B-26E5-7668-6CF8A3987D4C}.Debug|x64.Build.0 = Debug|x64
		{6A755CD6-711B-26E5-7668-6CF8A3987D4C}.Release|Any CPU.ActiveCfg = Release|x64
		{6A755CD6-711B-26E5-7668-6CF8A3987D4C}.Release|Any CPU.Build.0 = Release|x64
		{6A755CD6-711B-26E5-7668-6CF8A3987D4C}.Release|x64.ActiveCfg = Release|x64
		{6A755CD6-711B-26E5-7668-6CF8A3987D4C}.Release|x64.Build.0 = Release|x64
		{7D800231-C06D-4BA4-A543-F4C91F65961D}.Debug|Any CPU.ActiveCfg = Debug|Any CPU
		{7D800231-C06D-4BA4-A543-F4C91F65961D}.Debug|Any CPU.Build.0 = Debug|Any CPU
		{7D800231-C06D-4BA4-A543-F4C91F65961D}.Debug|x64.ActiveCfg = Debug|Any CPU
		{7D800231-C06D-4BA4-A543-F4C91F65961D}.Debug|x64.Build.0 = Debug|Any CPU
		{7D800231-C06D-4BA4-A543-F4C91F65961D}.Release|Any CPU.ActiveCfg = Release|Any CPU
		{7D800231-C06D-4BA4-A543-F4C91F65961D}.Release|Any CPU.Build.0 = Release|Any CPU
		{7D800231-C06D-4BA4-A543-F4C91F65961D}.Release|x64.ActiveCfg = Release|Any CPU
		{7D800231-C06D-4BA4-A543-F4C91F65961D}.Release|x64.Build.0 = Release|Any CPU
		{6866F04C-0287-8C8E-9627-2CEF42DDFDCC}.Debug|Any CPU.ActiveCfg = Debug|x64
		{6866F04C-0287-8C8E-9627-2CEF42DDFDCC}.Debug|Any CPU.Build.0 = Debug|x64
		{6866F04C-0287-8C8E-9627-2CEF42DDFDCC}.Debug|x64.ActiveCfg = Debug|x64
		{6866F04C-0287-8C8E-9627-2CEF42DDFDCC}.Debug|x64.Build.0 = Debug|x64
		{6866F04C-0287-8C8E-9627-2CEF42DDFDCC}.Release|Any CPU.ActiveCfg = Release|x64
		{6866F04C-0287-8C8E-9627-2CEF42DDFDCC}.Release|Any CPU.Build.0 = Release|x64
		{6866F04C-0287-8C8E-9627-2CEF42DDFDCC}.Release|x64.ActiveCfg = Release|x64
		{6866F04C-0287-8C8E-9627-2CEF42DDFDCC}.Release|x64.Build.0 = Release|x64
		{5F8C5210-8BA6-4794-B201-1288A47A0D23}.Debug|Any CPU.ActiveCfg = Debug|Any CPU
		{5F8C5210-8BA6-4794-B201-1288A47A0D23}.Debug|Any CPU.Build.0 = Debug|Any CPU
		{5F8C5210-8BA6-4794-B201-1288A47A0D23}.Debug|x64.ActiveCfg = Debug|Any CPU
		{5F8C5210-8BA6-4794-B201-1288A47A0D23}.Debug|x64.Build.0 = Debug|Any CPU
		{5F8C5210-8BA6-4794-B201-1288A47A0D23}.Release|Any CPU.ActiveCfg = Release|Any CPU
		{5F8C5210-8BA6-4794-B201-1288A47A0D23}.Release|Any CPU.Build.0 = Release|Any CPU
		{5F8C5210-8BA6-4794-B201-1288A47A0D23}.Release|x64.ActiveCfg = Release|Any CPU
		{5F8C5210-8BA6-4794-B201-1288A47A0D23}.Release|x64.Build.0 = Release|Any CPU
		{9B2305BE-A764-4716-A7E9-A765BA4F814E}.Debug|Any CPU.ActiveCfg = Debug|Any CPU
		{9B2305BE-A764-4716-A7E9-A765BA4F814E}.Debug|Any CPU.Build.0 = Debug|Any CPU
		{9B2305BE-A764-4716-A7E9-A765BA4F814E}.Debug|x64.ActiveCfg = Debug|Any CPU
		{9B2305BE-A764-4716-A7E9-A765BA4F814E}.Debug|x64.Build.0 = Debug|Any CPU
		{9B2305BE-A764-4716-A7E9-A765BA4F814E}.Release|Any CPU.ActiveCfg = Release|Any CPU
		{9B2305BE-A764-4716-A7E9-A765BA4F814E}.Release|Any CPU.Build.0 = Release|Any CPU
		{9B2305BE-A764-4716-A7E9-A765BA4F814E}.Release|x64.ActiveCfg = Release|Any CPU
		{9B2305BE-A764-4716-A7E9-A765BA4F814E}.Release|x64.Build.0 = Release|Any CPU
		{020CEB11-EF4E-400E-971D-A35DB69D7CF9}.Debug|Any CPU.ActiveCfg = Debug|x64
		{020CEB11-EF4E-400E-971D-A35DB69D7CF9}.Debug|Any CPU.Build.0 = Debug|x64
		{020CEB11-EF4E-400E-971D-A35DB69D7CF9}.Debug|x64.ActiveCfg = Debug|x64
		{020CEB11-EF4E-400E-971D-A35DB69D7CF9}.Debug|x64.Build.0 = Debug|x64
		{020CEB11-EF4E-400E-971D-A35DB69D7CF9}.Release|Any CPU.ActiveCfg = Release|x64
		{020CEB11-EF4E-400E-971D-A35DB69D7CF9}.Release|Any CPU.Build.0 = Release|x64
		{020CEB11-EF4E-400E-971D-A35DB69D7CF9}.Release|x64.ActiveCfg = Release|x64
		{020CEB11-EF4E-400E-971D-A35DB69D7CF9}.Release|x64.Build.0 = Release|x64
	EndGlobalSection
	GlobalSection(SolutionProperties) = preSolution
		HideSolutionNode = FALSE
	EndGlobalSection
	GlobalSection(ExtensibilityGlobals) = postSolution
		SolutionGuid = {129F9133-8DF6-4F1D-BFDE-AAA9333F73F4}
	EndGlobalSection
EndGlobal
